
Microsoft Visual Studio Solution File, Format Version 12.00
# Visual Studio Version 17
VisualStudioVersion = 17.1.32414.318
MinimumVisualStudioVersion = 10.0.40219.1
Project("{FAE04EC0-301F-11D3-BF4B-00C04F79EFBC}") = "BulkyBookWeb", "BulkyBookWeb.csproj", "{EC7639EE-68BE-4B3D-8796-5607BE4514E3}"
EndProject
Global
	GlobalSection(SolutionConfigurationPlatforms) = preSolution
		Debug|Any CPU = Debug|Any CPU
		Release|Any CPU = Release|Any CPU
	EndGlobalSection
	GlobalSection(ProjectConfigurationPlatforms) = postSolution
		{EC7639EE-68BE-4B3D-8796-5607BE4514E3}.Debug|Any CPU.ActiveCfg = Debug|Any CPU
		{EC7639EE-68BE-4B3D-8796-5607BE4514E3}.Debug|Any CPU.Build.0 = Debug|Any CPU
		{EC7639EE-68BE-4B3D-8796-5607BE4514E3}.Release|Any CPU.ActiveCfg = Release|Any CPU
		{EC7639EE-68BE-4B3D-8796-5607BE4514E3}.Release|Any CPU.Build.0 = Release|Any CPU
	EndGlobalSection
	GlobalSection(SolutionProperties) = preSolution
		HideSolutionNode = FALSE
	EndGlobalSection
	GlobalSection(ExtensibilityGlobals) = postSolution
		SolutionGuid = {8E21380E-353B-4E45-8C25-69D2E5EC734E}
	EndGlobalSection
EndGlobal
