
Microsoft Visual Studio Solution File, Format Version 12.00
# Visual Studio Version 17
VisualStudioVersion = 17.1.32414.318
MinimumVisualStudioVersion = 10.0.40219.1
Project("{FAE04EC0-301F-11D3-BF4B-00C04F79EFBC}") = "ADO_test", "ADO_test.csproj", "{90D29F37-63F6-443C-A996-814E10DF9E93}"
EndProject
Global
	GlobalSection(SolutionConfigurationPlatforms) = preSolution
		Debug|Any CPU = Debug|Any CPU
		Release|Any CPU = Release|Any CPU
	EndGlobalSection
	GlobalSection(ProjectConfigurationPlatforms) = postSolution
		{90D29F37-63F6-443C-A996-814E10DF9E93}.Debug|Any CPU.ActiveCfg = Debug|Any CPU
		{90D29F37-63F6-443C-A996-814E10DF9E93}.Debug|Any CPU.Build.0 = Debug|Any CPU
		{90D29F37-63F6-443C-A996-814E10DF9E93}.Release|Any CPU.ActiveCfg = Release|Any CPU
		{90D29F37-63F6-443C-A996-814E10DF9E93}.Release|Any CPU.Build.0 = Release|Any CPU
	EndGlobalSection
	GlobalSection(SolutionProperties) = preSolution
		HideSolutionNode = FALSE
	EndGlobalSection
	GlobalSection(ExtensibilityGlobals) = postSolution
		SolutionGuid = {0E3E4308-9B2B-46B5-B6E6-C14B4EB53A93}
	EndGlobalSection
EndGlobal
